
Microsoft Visual Studio Solution File, Format Version 12.00
# Visual Studio Version 16
VisualStudioVersion = 16.0.30413.136
MinimumVisualStudioVersion = 10.0.40219.1
Project("{FAE04EC0-301F-11D3-BF4B-00C04F79EFBC}") = "Prog.Alg.Atv3", "Prog.Alg.Atv3\Prog.Alg.Atv3.csproj", "{38E02A92-6A1A-4741-B264-5268519FEA6F}"
EndProject
Global
	GlobalSection(SolutionConfigurationPlatforms) = preSolution
		Debug|Any CPU = Debug|Any CPU
		Release|Any CPU = Release|Any CPU
	EndGlobalSection
	GlobalSection(ProjectConfigurationPlatforms) = postSolution
		{38E02A92-6A1A-4741-B264-5268519FEA6F}.Debug|Any CPU.ActiveCfg = Debug|Any CPU
		{38E02A92-6A1A-4741-B264-5268519FEA6F}.Debug|Any CPU.Build.0 = Debug|Any CPU
		{38E02A92-6A1A-4741-B264-5268519FEA6F}.Release|Any CPU.ActiveCfg = Release|Any CPU
		{38E02A92-6A1A-4741-B264-5268519FEA6F}.Release|Any CPU.Build.0 = Release|Any CPU
	EndGlobalSection
	GlobalSection(SolutionProperties) = preSolution
		HideSolutionNode = FALSE
	EndGlobalSection
	GlobalSection(ExtensibilityGlobals) = postSolution
		SolutionGuid = {84BF7F16-D5B5-4DF8-9B51-C7A6AE6F7033}
	EndGlobalSection
EndGlobal
